<?xml version="1.0" encoding="utf-8"?>
<Project ToolsVersion="4.0" xmlns="http://schemas.microsoft.com/developer/msbuild/2003">
  <ItemGroup>
    <Filter Include="Source Files">
      <UniqueIdentifier>{4FC737F1-C7A5-4376-A066-2A32D752A2FF}</UniqueIdentifier>
      <Extensions>cpp;c;cc;cxx;def;odl;idl;hpj;bat;asm;asmx</Extensions>
    </Filter>
    <Filter Include="Header Files">
      <UniqueIdentifier>{93995380-89BD-4b04-88EB-625FBE52EBFB}</UniqueIdentifier>
      <Extensions>h;hh;hpp;hxx;hm;inl;inc;xsd</Extensions>
    </Filter>
    <Filter Include="Resource Files">
      <UniqueIdentifier>{67DA6AB6-F800-4c08-8B7A-83BB121AAD01}</UniqueIdentifier>
      <Extensions>rc;ico;cur;bmp;dlg;rc2;rct;bin;rgs;gif;jpg;jpeg;jpe;resx;tiff;tif;png;wav;mfcribbon-ms</Extensions>
    </Filter>
    <Filter Include="Source Files\libs">
      <UniqueIdentifier>{8351ae7f-cc1d-418b-8a97-136c9b8bb76f}</UniqueIdentifier>
    </Filter>
    <Filter Include="Resource Files\Shaders">
      <UniqueIdentifier>{84acc223-ffe3-43ae-a69f-2386e26f6573}</UniqueIdentifier>
    </Filter>
    <Filter Include="Resource Files\Sounds">
      <UniqueIdentifier>{3050bed1-6b1d-4ffc-9bff-608c620253e5}</UniqueIdentifier>
    </Filter>
    <Filter Include="Resource Files\Textures">
      <UniqueIdentifier>{1f7bcbb8-514f-4dd7-8dce-64a3cc2f5f31}</UniqueIdentifier>
    </Filter>
    <Filter Include="Resource Files\Maps">
      <UniqueIdentifier>{c2d960db-2be1-46a8-b260-b69e13e48002}</UniqueIdentifier>
    </Filter>
    <Filter Include="Source Files\libs\SFML">
      <UniqueIdentifier>{afc5d6ec-e693-426d-9641-c49b280e7500}</UniqueIdentifier>
    </Filter>
  </ItemGroup>
  <ItemGroup>
    <ClCompile Include="main.cpp">
      <Filter>Source Files</Filter>
    </ClCompile>
    <ClCompile Include="Log.cpp">
      <Filter>Source Files</Filter>
    </ClCompile>
    <ClCompile Include="Shaders.cpp">
      <Filter>Source Files</Filter>
    </ClCompile>
    <ClCompile Include="Textures.cpp">
      <Filter>Source Files</Filter>
    </ClCompile>
    <ClCompile Include="Audio.cpp">
      <Filter>Source Files</Filter>
    </ClCompile>
    <ClCompile Include="Game.cpp">
      <Filter>Source Files</Filter>
    </ClCompile>
    <ClCompile Include="Territory.cpp">
      <Filter>Source Files</Filter>
    </ClCompile>
    <ClCompile Include="HexMap.cpp">
      <Filter>Source Files</Filter>
    </ClCompile>
    <ClCompile Include="Actions.cpp">
      <Filter>Source Files</Filter>
    </ClCompile>
  </ItemGroup>
  <ItemGroup>
    <None Include="packages.config" />
    <None Include="audio\libraries\libsndfile-1.dll">
      <Filter>Source Files\libs\SFML</Filter>
    </None>
    <None Include="audio\libraries\openal32.dll">
      <Filter>Source Files\libs\SFML</Filter>
    </None>
    <None Include="audio\libraries\sfml-audio-d-2.dll">
      <Filter>Source Files\libs\SFML</Filter>
    </None>
    <None Include="audio\libraries\sfml-system-d-2.dll">
      <Filter>Source Files\libs\SFML</Filter>
    </None>
    <None Include="Maps\map.mp">
      <Filter>Resource Files\Maps</Filter>
    </None>
    <None Include="Shaders\map_fs.glsl">
      <Filter>Resource Files\Shaders</Filter>
    </None>
    <None Include="Shaders\map_vs.glsl">
      <Filter>Resource Files\Shaders</Filter>
    </None>
  </ItemGroup>
  <ItemGroup>
    <ClInclude Include="Log.h">
      <Filter>Header Files</Filter>
    </ClInclude>
    <ClInclude Include="Shaders.h">
      <Filter>Header Files</Filter>
    </ClInclude>
    <ClInclude Include="Textures.h">
      <Filter>Header Files</Filter>
    </ClInclude>
    <ClInclude Include="SOIL.h">
      <Filter>Header Files</Filter>
    </ClInclude>
    <ClInclude Include="Audio.h">
      <Filter>Header Files</Filter>
    </ClInclude>
    <ClInclude Include="Game.h">
      <Filter>Header Files</Filter>
    </ClInclude>
    <ClInclude Include="Territory.h">
      <Filter>Header Files</Filter>
    </ClInclude>
    <ClInclude Include="HexMap.h">
      <Filter>Header Files</Filter>
    </ClInclude>
    <ClInclude Include="Actions.h">
      <Filter>Header Files</Filter>
    </ClInclude>
  </ItemGroup>
  <ItemGroup>
    <Library Include="lib\SOIL.lib">
      <Filter>Source Files\libs</Filter>
    </Library>
  </ItemGroup>
  <ItemGroup>
    <Media Include="audio\sound.wav">
      <Filter>Resource Files\Sounds</Filter>
    </Media>
    <Media Include="swords.wav">
      <Filter>Resource Files\Sounds</Filter>
    </Media>
  </ItemGroup>
  <ItemGroup>
    <Image Include="wireframe.png">
      <Filter>Resource Files\Textures</Filter>
    </Image>
    <Image Include="blueBorder.png">
      <Filter>Resource Files\Textures</Filter>
    </Image>
    <Image Include="redBorder.png">
      <Filter>Resource Files\Textures</Filter>
    </Image>
    <Image Include="whiteBorder.png">
      <Filter>Resource Files\Textures</Filter>
    </Image>
  </ItemGroup>
  <ItemGroup>
    <Text Include="Debug\notes.txt">
      <Filter>Resource Files</Filter>
    </Text>
  </ItemGroup>
</Project>